%{
  "certifi": {:hex, :certifi, "2.0.0", "a0c0e475107135f76b8c1d5bc7efb33cd3815cb3cf3dea7aefdd174dabead064", [:rebar3], [], "hexpm"},
  "earmark": {:hex, :earmark, "1.2.4", "99b637c62a4d65a20a9fb674b8cffb8baa771c04605a80c911c4418c69b75439", [:mix], [], "hexpm"},
  "ex_doc": {:hex, :ex_doc, "0.18.3", "f4b0e4a2ec6f333dccf761838a4b253d75e11f714b85ae271c9ae361367897b7", [:mix], [{:earmark, "~> 1.1", [repo: "hexpm", hex: :earmark, optional: false]}], "hexpm"},
  "hackney": {:hex, :hackney, "1.11.0", "4951ee019df102492dabba66a09e305f61919a8a183a7860236c0fde586134b6", [:rebar3], [{:certifi, "2.0.0", [repo: "hexpm", hex: :certifi, optional: false]}, {:idna, "5.1.0", [repo: "hexpm", hex: :idna, optional: false]}, {:metrics, "1.0.1", [repo: "hexpm", hex: :metrics, optional: false]}, {:mimerl, "1.0.2", [repo: "hexpm", hex: :mimerl, optional: false]}, {:ssl_verify_fun, "1.1.1", [repo: "hexpm", hex: :ssl_verify_fun, optional: false]}], "hexpm"},
  "httpoison": {:hex, :httpoison, "1.0.0", "1f02f827148d945d40b24f0b0a89afe40bfe037171a6cf70f2486976d86921cd", [:mix], [{:hackney, "~> 1.8", [repo: "hexpm", hex: :hackney, optional: false]}], "hexpm"},
  "idna": {:hex, :idna, "5.1.0", "d72b4effeb324ad5da3cab1767cb16b17939004e789d8c0ad5b70f3cea20c89a", [:rebar3], [{:unicode_util_compat, "0.3.1", [repo: "hexpm", hex: :unicode_util_compat, optional: false]}], "hexpm"},
  "inch_ex": {:hex, :inch_ex, "0.5.6", "418357418a553baa6d04eccd1b44171936817db61f4c0840112b420b8e378e67", [:mix], [{:poison, "~> 1.5 or ~> 2.0 or ~> 3.0", [repo: "hexpm", hex: :poison, optional: false]}], "hexpm"},
  "meck": {:hex, :meck, "0.8.13", "ffedb39f99b0b99703b8601c6f17c7f76313ee12de6b646e671e3188401f7866", [:rebar3], [], "hexpm"},
  "metrics": {:hex, :metrics, "1.0.1", "25f094dea2cda98213cecc3aeff09e940299d950904393b2a29d191c346a8486", [:rebar3], []},
  "mime": {:hex, :mime, "1.2.0", "78adaa84832b3680de06f88f0997e3ead3b451a440d183d688085be2d709b534", [:mix], [], "hexpm"},
  "mimerl": {:hex, :mimerl, "1.0.2", "993f9b0e084083405ed8252b99460c4f0563e41729ab42d9074fd5e52439be88", [:rebar3], []},
  "mock": {:hex, :mock, "0.3.4", "c5862eb3b8c64237f45f586cf00c9d892ba07bb48305a43319d428ce3c2897dd", [:mix], [{:meck, "~> 0.8.13", [hex: :meck, repo: "hexpm", optional: false]}], "hexpm"},
  "plug": {:hex, :plug, "1.4.5", "7b13869283fff6b8b21b84b8735326cc012c5eef8607095dc6ee24bd0a273d8e", [:mix], [{:cowboy, "~> 1.0.1 or ~> 1.1", [repo: "hexpm", hex: :cowboy, optional: true]}, {:mime, "~> 1.0", [repo: "hexpm", hex: :mime, optional: false]}], "hexpm"},
  "poison": {:hex, :poison, "3.1.0", "d9eb636610e096f86f25d9a46f35a9facac35609a7591b3be3326e99a0484665", [:mix], [], "hexpm"},
  "ssl_verify_fun": {:hex, :ssl_verify_fun, "1.1.1", "28a4d65b7f59893bc2c7de786dec1e1555bd742d336043fe644ae956c3497fbe", [:make, :rebar], [], "hexpm"},
  "unicode_util_compat": {:hex, :unicode_util_compat, "0.3.1", "a1f612a7b512638634a603c8f401892afbf99b8ce93a45041f8aaca99cadb85e", [:rebar3], []},
}
